
Microsoft Visual Studio Solution File, Format Version 12.00
# Visual Studio Version 17
VisualStudioVersion = 17.0.31903.59
MinimumVisualStudioVersion = 10.0.40219.1
Project("{FAE04EC0-301F-11D3-BF4B-00C04F79EFBC}") = "Decorator.Domain", "Decorator.Domain\Decorator.Domain.csproj", "{F70B7B34-B7BF-4A2C-B564-EB18FFDB5207}"
EndProject
Project("{FAE04EC0-301F-11D3-BF4B-00C04F79EFBC}") = "Decorator.Console", "Decorator.Console\Decorator.Console.csproj", "{0B2098C9-4B68-49C2-B9BD-4B6F9EEDFFAA}"
EndProject
Global
	GlobalSection(SolutionConfigurationPlatforms) = preSolution
		Debug|Any CPU = Debug|Any CPU
		Debug|x64 = Debug|x64
		Debug|x86 = Debug|x86
		Release|Any CPU = Release|Any CPU
		Release|x64 = Release|x64
		Release|x86 = Release|x86
	EndGlobalSection
	GlobalSection(ProjectConfigurationPlatforms) = postSolution
		{F70B7B34-B7BF-4A2C-B564-EB18FFDB5207}.Debug|Any CPU.ActiveCfg = Debug|Any CPU
		{F70B7B34-B7BF-4A2C-B564-EB18FFDB5207}.Debug|Any CPU.Build.0 = Debug|Any CPU
		{F70B7B34-B7BF-4A2C-B564-EB18FFDB5207}.Debug|x64.ActiveCfg = Debug|Any CPU
		{F70B7B34-B7BF-4A2C-B564-EB18FFDB5207}.Debug|x64.Build.0 = Debug|Any CPU
		{F70B7B34-B7BF-4A2C-B564-EB18FFDB5207}.Debug|x86.ActiveCfg = Debug|Any CPU
		{F70B7B34-B7BF-4A2C-B564-EB18FFDB5207}.Debug|x86.Build.0 = Debug|Any CPU
		{F70B7B34-B7BF-4A2C-B564-EB18FFDB5207}.Release|Any CPU.ActiveCfg = Release|Any CPU
		{F70B7B34-B7BF-4A2C-B564-EB18FFDB5207}.Release|Any CPU.Build.0 = Release|Any CPU
		{F70B7B34-B7BF-4A2C-B564-EB18FFDB5207}.Release|x64.ActiveCfg = Release|Any CPU
		{F70B7B34-B7BF-4A2C-B564-EB18FFDB5207}.Release|x64.Build.0 = Release|Any CPU
		{F70B7B34-B7BF-4A2C-B564-EB18FFDB5207}.Release|x86.ActiveCfg = Release|Any CPU
		{F70B7B34-B7BF-4A2C-B564-EB18FFDB5207}.Release|x86.Build.0 = Release|Any CPU
		{0B2098C9-4B68-49C2-B9BD-4B6F9EEDFFAA}.Debug|Any CPU.ActiveCfg = Debug|Any CPU
		{0B2098C9-4B68-49C2-B9BD-4B6F9EEDFFAA}.Debug|Any CPU.Build.0 = Debug|Any CPU
		{0B2098C9-4B68-49C2-B9BD-4B6F9EEDFFAA}.Debug|x64.ActiveCfg = Debug|Any CPU
		{0B2098C9-4B68-49C2-B9BD-4B6F9EEDFFAA}.Debug|x64.Build.0 = Debug|Any CPU
		{0B2098C9-4B68-49C2-B9BD-4B6F9EEDFFAA}.Debug|x86.ActiveCfg = Debug|Any CPU
		{0B2098C9-4B68-49C2-B9BD-4B6F9EEDFFAA}.Debug|x86.Build.0 = Debug|Any CPU
		{0B2098C9-4B68-49C2-B9BD-4B6F9EEDFFAA}.Release|Any CPU.ActiveCfg = Release|Any CPU
		{0B2098C9-4B68-49C2-B9BD-4B6F9EEDFFAA}.Release|Any CPU.Build.0 = Release|Any CPU
		{0B2098C9-4B68-49C2-B9BD-4B6F9EEDFFAA}.Release|x64.ActiveCfg = Release|Any CPU
		{0B2098C9-4B68-49C2-B9BD-4B6F9EEDFFAA}.Release|x64.Build.0 = Release|Any CPU
		{0B2098C9-4B68-49C2-B9BD-4B6F9EEDFFAA}.Release|x86.ActiveCfg = Release|Any CPU
		{0B2098C9-4B68-49C2-B9BD-4B6F9EEDFFAA}.Release|x86.Build.0 = Release|Any CPU
	EndGlobalSection
	GlobalSection(SolutionProperties) = preSolution
		HideSolutionNode = FALSE
	EndGlobalSection
EndGlobal
